
Microsoft Visual Studio Solution File, Format Version 12.00
# Visual Studio Version 17
VisualStudioVersion = 17.0.32112.339
MinimumVisualStudioVersion = 10.0.40219.1
Project("{2150E333-8FDC-42A3-9474-1A3956D46DE8}") = "Infrastructure", "Infrastructure", "{8019DEBE-CFBB-4B81-95CD-7E8281C2153C}"
EndProject
Project("{9A19103F-16F7-4668-BE54-9A1E7A4F7556}") = "SecurityMS.Infrastructure.Data", "src\SecurityMS.Infrastructure.Data\SecurityMS.Infrastructure.Data.csproj", "{3AAAA34B-ECF0-414D-9F9A-F8E631C03919}"
EndProject
Project("{2150E333-8FDC-42A3-9474-1A3956D46DE8}") = "Presentation", "Presentation", "{3CEB656B-620B-4C11-A94A-AD6C30108E5F}"
EndProject
Project("{9A19103F-16F7-4668-BE54-9A1E7A4F7556}") = "SecurityMS.Presentation.Web", "src\SecurityMS.Presentation.Web\SecurityMS.Presentation.Web.csproj", "{BB8C4459-8004-4E35-A7FA-6BD02DEBED13}"
EndProject
Project("{2150E333-8FDC-42A3-9474-1A3956D46DE8}") = "Core", "Core", "{C6DF8B6E-96B2-4AFF-9DDC-D8F340062ABB}"
EndProject
Project("{9A19103F-16F7-4668-BE54-9A1E7A4F7556}") = "SecurityMS.Core.Models", "SecurityMS.Core.Models\SecurityMS.Core.Models.csproj", "{A8491DE5-2D22-42F5-B89B-DD6B1D49E043}"
EndProject
Project("{9A19103F-16F7-4668-BE54-9A1E7A4F7556}") = "Utilities", "src\Utilities\Utilities.csproj", "{051163C1-59D0-4FFF-9188-59E24400936D}"
EndProject
Project("{9A19103F-16F7-4668-BE54-9A1E7A4F7556}") = "Models", "Models\Models.csproj", "{DF3DFB3B-AB42-412B-8A17-81794EA610BD}"
EndProject
Project("{9A19103F-16F7-4668-BE54-9A1E7A4F7556}") = "SecurityMS.Repository", "SecurityMS.Repository\SecurityMS.Repository.csproj", "{FA035160-4532-45E7-9267-25FCEDD15EF8}"
EndProject
Global
	GlobalSection(SolutionConfigurationPlatforms) = preSolution
		Debug|Any CPU = Debug|Any CPU
		Release|Any CPU = Release|Any CPU
	EndGlobalSection
	GlobalSection(ProjectConfigurationPlatforms) = postSolution
		{3AAAA34B-ECF0-414D-9F9A-F8E631C03919}.Debug|Any CPU.ActiveCfg = Debug|Any CPU
		{3AAAA34B-ECF0-414D-9F9A-F8E631C03919}.Debug|Any CPU.Build.0 = Debug|Any CPU
		{3AAAA34B-ECF0-414D-9F9A-F8E631C03919}.Release|Any CPU.ActiveCfg = Release|Any CPU
		{3AAAA34B-ECF0-414D-9F9A-F8E631C03919}.Release|Any CPU.Build.0 = Release|Any CPU
		{BB8C4459-8004-4E35-A7FA-6BD02DEBED13}.Debug|Any CPU.ActiveCfg = Debug|Any CPU
		{BB8C4459-8004-4E35-A7FA-6BD02DEBED13}.Debug|Any CPU.Build.0 = Debug|Any CPU
		{BB8C4459-8004-4E35-A7FA-6BD02DEBED13}.Release|Any CPU.ActiveCfg = Release|Any CPU
		{BB8C4459-8004-4E35-A7FA-6BD02DEBED13}.Release|Any CPU.Build.0 = Release|Any CPU
		{A8491DE5-2D22-42F5-B89B-DD6B1D49E043}.Debug|Any CPU.ActiveCfg = Debug|Any CPU
		{A8491DE5-2D22-42F5-B89B-DD6B1D49E043}.Debug|Any CPU.Build.0 = Debug|Any CPU
		{A8491DE5-2D22-42F5-B89B-DD6B1D49E043}.Release|Any CPU.ActiveCfg = Release|Any CPU
		{A8491DE5-2D22-42F5-B89B-DD6B1D49E043}.Release|Any CPU.Build.0 = Release|Any CPU
		{051163C1-59D0-4FFF-9188-59E24400936D}.Debug|Any CPU.ActiveCfg = Debug|Any CPU
		{051163C1-59D0-4FFF-9188-59E24400936D}.Debug|Any CPU.Build.0 = Debug|Any CPU
		{051163C1-59D0-4FFF-9188-59E24400936D}.Release|Any CPU.ActiveCfg = Release|Any CPU
		{051163C1-59D0-4FFF-9188-59E24400936D}.Release|Any CPU.Build.0 = Release|Any CPU
		{DF3DFB3B-AB42-412B-8A17-81794EA610BD}.Debug|Any CPU.ActiveCfg = Debug|Any CPU
		{DF3DFB3B-AB42-412B-8A17-81794EA610BD}.Debug|Any CPU.Build.0 = Debug|Any CPU
		{DF3DFB3B-AB42-412B-8A17-81794EA610BD}.Release|Any CPU.ActiveCfg = Release|Any CPU
		{DF3DFB3B-AB42-412B-8A17-81794EA610BD}.Release|Any CPU.Build.0 = Release|Any CPU
		{FA035160-4532-45E7-9267-25FCEDD15EF8}.Debug|Any CPU.ActiveCfg = Debug|Any CPU
		{FA035160-4532-45E7-9267-25FCEDD15EF8}.Debug|Any CPU.Build.0 = Debug|Any CPU
		{FA035160-4532-45E7-9267-25FCEDD15EF8}.Release|Any CPU.ActiveCfg = Release|Any CPU
		{FA035160-4532-45E7-9267-25FCEDD15EF8}.Release|Any CPU.Build.0 = Release|Any CPU
	EndGlobalSection
	GlobalSection(SolutionProperties) = preSolution
		HideSolutionNode = FALSE
	EndGlobalSection
	GlobalSection(NestedProjects) = preSolution
		{3AAAA34B-ECF0-414D-9F9A-F8E631C03919} = {8019DEBE-CFBB-4B81-95CD-7E8281C2153C}
		{BB8C4459-8004-4E35-A7FA-6BD02DEBED13} = {3CEB656B-620B-4C11-A94A-AD6C30108E5F}
		{A8491DE5-2D22-42F5-B89B-DD6B1D49E043} = {C6DF8B6E-96B2-4AFF-9DDC-D8F340062ABB}
		{051163C1-59D0-4FFF-9188-59E24400936D} = {C6DF8B6E-96B2-4AFF-9DDC-D8F340062ABB}
		{DF3DFB3B-AB42-412B-8A17-81794EA610BD} = {C6DF8B6E-96B2-4AFF-9DDC-D8F340062ABB}
		{FA035160-4532-45E7-9267-25FCEDD15EF8} = {8019DEBE-CFBB-4B81-95CD-7E8281C2153C}
	EndGlobalSection
	GlobalSection(ExtensibilityGlobals) = postSolution
		SolutionGuid = {DFB4DFE8-7EA4-4990-AD36-92D726661A09}
	EndGlobalSection
EndGlobal
